<?xml version="1.0" encoding="utf-8"?>
<Project ToolsVersion="4.0" xmlns="http://schemas.microsoft.com/developer/msbuild/2003">
  <ItemGroup>
    <Filter Include="TestEngine">
      <UniqueIdentifier>{1BFF282A-07B7-6A77-70BE-43D35C950568}</UniqueIdentifier>
    </Filter>
    <Filter Include="TestEngine\Events">
      <UniqueIdentifier>{9F3E9B76-0B55-990C-54CC-242EC0216A94}</UniqueIdentifier>
    </Filter>
  </ItemGroup>
  <ItemGroup>
    <ClInclude Include="src\TestEngine.h" />
    <ClInclude Include="src\TestEngine\Application.h">
      <Filter>TestEngine</Filter>
    </ClInclude>
    <ClInclude Include="src\TestEngine\Core.h">
      <Filter>TestEngine</Filter>
    </ClInclude>
    <ClInclude Include="src\TestEngine\EntryPoint.h">
      <Filter>TestEngine</Filter>
    </ClInclude>
    <ClInclude Include="src\TestEngine\Events\ApplicationEvent.h">
      <Filter>TestEngine\Events</Filter>
    </ClInclude>
    <ClInclude Include="src\TestEngine\Events\Event.h">
      <Filter>TestEngine\Events</Filter>
    </ClInclude>
    <ClInclude Include="src\TestEngine\Events\KeyEvent.h">
      <Filter>TestEngine\Events</Filter>
    </ClInclude>
    <ClInclude Include="src\TestEngine\Events\MouseEvent.h">
      <Filter>TestEngine\Events</Filter>
    </ClInclude>
    <ClInclude Include="src\TestEngine\Log.h">
      <Filter>TestEngine</Filter>
    </ClInclude>
  </ItemGroup>
  <ItemGroup>
    <ClCompile Include="src\TestEngine\Application.cpp">
      <Filter>TestEngine</Filter>
    </ClCompile>
    <ClCompile Include="src\TestEngine\Log.cpp">
      <Filter>TestEngine</Filter>
    </ClCompile>
  </ItemGroup>
</Project>